
Microsoft Visual Studio Solution File, Format Version 12.00
# Visual Studio Version 16
VisualStudioVersion = 16.0.30225.117
MinimumVisualStudioVersion = 10.0.40219.1
Project("{FAE04EC0-301F-11D3-BF4B-00C04F79EFBC}") = "Calculator", "Calculator\Calculator.csproj", "{93A04302-C47F-4D3C-855E-39F4764061A7}"
EndProject
Project("{FAE04EC0-301F-11D3-BF4B-00C04F79EFBC}") = "CalcRunner", "CalcRunner\CalcRunner.csproj", "{04234A1D-CED0-4663-A581-1883F6493BE2}"
EndProject
Project("{FAE04EC0-301F-11D3-BF4B-00C04F79EFBC}") = "CalculatorTest", "CalculatorTest\CalculatorTest.csproj", "{F9E33DD7-5CDC-4B24-BC96-43AAB9BC497F}"
EndProject
Project("{F2A71F9B-5D33-465A-A702-920D77279786}") = "FSharpCalculator", "FSharpCalculator\FSharpCalculator.fsproj", "{2E4D2781-2229-45ED-9088-216C67672456}"
EndProject
Project("{F2A71F9B-5D33-465A-A702-920D77279786}") = "FSharpCalculatorTests", "FSharpCalculatorTests\FSharpCalculatorTests.fsproj", "{E0486549-8C14-4CDF-A235-2D47513FBA4C}"
EndProject
Project("{F2A71F9B-5D33-465A-A702-920D77279786}") = "MandelbrotSet", "MandelbrotSet\MandelbrotSet.fsproj", "{BC3034F7-AA54-4238-81D0-6912214EC66A}"
EndProject
Project("{FAE04EC0-301F-11D3-BF4B-00C04F79EFBC}") = "ASPCalculator", "ASPCalculator\ASPCalculator.csproj", "{39A5202E-1AD9-4AD5-AEC8-082FF0D72DFC}"
EndProject
Project("{F2A71F9B-5D33-465A-A702-920D77279786}") = "ProxyCalculator", "ProxyCalculator\ProxyCalculator.fsproj", "{F8099F19-DE97-41A6-8C5C-88A11253F1CC}"
EndProject
Project("{FAE04EC0-301F-11D3-BF4B-00C04F79EFBC}") = "CalculatorSeriallization", "CalculatorSeriallization\CalculatorSeriallization.csproj", "{91AD0987-1F04-4A41-B26C-0D8B6CAF45EC}"
EndProject
Project("{FAE04EC0-301F-11D3-BF4B-00C04F79EFBC}") = "CSharpProxy", "CSharpProxy\CSharpProxy.csproj", "{70FF9C52-4A9D-4623-81F9-9C4CC0059098}"
EndProject
Project("{FAE04EC0-301F-11D3-BF4B-00C04F79EFBC}") = "CSharpProxyTests", "CSharpProxyTests\CSharpProxyTests.csproj", "{3E958B0F-294F-4A90-9130-25744392590B}"
EndProject
Global
	GlobalSection(SolutionConfigurationPlatforms) = preSolution
		Debug|Any CPU = Debug|Any CPU
		Release|Any CPU = Release|Any CPU
	EndGlobalSection
	GlobalSection(ProjectConfigurationPlatforms) = postSolution
		{93A04302-C47F-4D3C-855E-39F4764061A7}.Debug|Any CPU.ActiveCfg = Debug|Any CPU
		{93A04302-C47F-4D3C-855E-39F4764061A7}.Debug|Any CPU.Build.0 = Debug|Any CPU
		{93A04302-C47F-4D3C-855E-39F4764061A7}.Release|Any CPU.ActiveCfg = Release|Any CPU
		{93A04302-C47F-4D3C-855E-39F4764061A7}.Release|Any CPU.Build.0 = Release|Any CPU
		{04234A1D-CED0-4663-A581-1883F6493BE2}.Debug|Any CPU.ActiveCfg = Debug|Any CPU
		{04234A1D-CED0-4663-A581-1883F6493BE2}.Debug|Any CPU.Build.0 = Debug|Any CPU
		{04234A1D-CED0-4663-A581-1883F6493BE2}.Release|Any CPU.ActiveCfg = Release|Any CPU
		{04234A1D-CED0-4663-A581-1883F6493BE2}.Release|Any CPU.Build.0 = Release|Any CPU
		{F9E33DD7-5CDC-4B24-BC96-43AAB9BC497F}.Debug|Any CPU.ActiveCfg = Debug|Any CPU
		{F9E33DD7-5CDC-4B24-BC96-43AAB9BC497F}.Debug|Any CPU.Build.0 = Debug|Any CPU
		{F9E33DD7-5CDC-4B24-BC96-43AAB9BC497F}.Release|Any CPU.ActiveCfg = Release|Any CPU
		{F9E33DD7-5CDC-4B24-BC96-43AAB9BC497F}.Release|Any CPU.Build.0 = Release|Any CPU
		{2E4D2781-2229-45ED-9088-216C67672456}.Debug|Any CPU.ActiveCfg = Debug|Any CPU
		{2E4D2781-2229-45ED-9088-216C67672456}.Debug|Any CPU.Build.0 = Debug|Any CPU
		{2E4D2781-2229-45ED-9088-216C67672456}.Release|Any CPU.ActiveCfg = Release|Any CPU
		{2E4D2781-2229-45ED-9088-216C67672456}.Release|Any CPU.Build.0 = Release|Any CPU
		{E0486549-8C14-4CDF-A235-2D47513FBA4C}.Debug|Any CPU.ActiveCfg = Debug|Any CPU
		{E0486549-8C14-4CDF-A235-2D47513FBA4C}.Debug|Any CPU.Build.0 = Debug|Any CPU
		{E0486549-8C14-4CDF-A235-2D47513FBA4C}.Release|Any CPU.ActiveCfg = Release|Any CPU
		{E0486549-8C14-4CDF-A235-2D47513FBA4C}.Release|Any CPU.Build.0 = Release|Any CPU
		{BC3034F7-AA54-4238-81D0-6912214EC66A}.Debug|Any CPU.ActiveCfg = Debug|Any CPU
		{BC3034F7-AA54-4238-81D0-6912214EC66A}.Debug|Any CPU.Build.0 = Debug|Any CPU
		{BC3034F7-AA54-4238-81D0-6912214EC66A}.Release|Any CPU.ActiveCfg = Release|Any CPU
		{BC3034F7-AA54-4238-81D0-6912214EC66A}.Release|Any CPU.Build.0 = Release|Any CPU
		{39A5202E-1AD9-4AD5-AEC8-082FF0D72DFC}.Debug|Any CPU.ActiveCfg = Debug|Any CPU
		{39A5202E-1AD9-4AD5-AEC8-082FF0D72DFC}.Debug|Any CPU.Build.0 = Debug|Any CPU
		{39A5202E-1AD9-4AD5-AEC8-082FF0D72DFC}.Release|Any CPU.ActiveCfg = Release|Any CPU
		{39A5202E-1AD9-4AD5-AEC8-082FF0D72DFC}.Release|Any CPU.Build.0 = Release|Any CPU
		{F8099F19-DE97-41A6-8C5C-88A11253F1CC}.Debug|Any CPU.ActiveCfg = Debug|Any CPU
		{F8099F19-DE97-41A6-8C5C-88A11253F1CC}.Debug|Any CPU.Build.0 = Debug|Any CPU
		{F8099F19-DE97-41A6-8C5C-88A11253F1CC}.Release|Any CPU.ActiveCfg = Release|Any CPU
		{F8099F19-DE97-41A6-8C5C-88A11253F1CC}.Release|Any CPU.Build.0 = Release|Any CPU
		{91AD0987-1F04-4A41-B26C-0D8B6CAF45EC}.Debug|Any CPU.ActiveCfg = Debug|Any CPU
		{91AD0987-1F04-4A41-B26C-0D8B6CAF45EC}.Debug|Any CPU.Build.0 = Debug|Any CPU
		{91AD0987-1F04-4A41-B26C-0D8B6CAF45EC}.Release|Any CPU.ActiveCfg = Release|Any CPU
		{91AD0987-1F04-4A41-B26C-0D8B6CAF45EC}.Release|Any CPU.Build.0 = Release|Any CPU
		{70FF9C52-4A9D-4623-81F9-9C4CC0059098}.Debug|Any CPU.ActiveCfg = Debug|Any CPU
		{70FF9C52-4A9D-4623-81F9-9C4CC0059098}.Debug|Any CPU.Build.0 = Debug|Any CPU
		{70FF9C52-4A9D-4623-81F9-9C4CC0059098}.Release|Any CPU.ActiveCfg = Release|Any CPU
		{70FF9C52-4A9D-4623-81F9-9C4CC0059098}.Release|Any CPU.Build.0 = Release|Any CPU
		{3E958B0F-294F-4A90-9130-25744392590B}.Debug|Any CPU.ActiveCfg = Debug|Any CPU
		{3E958B0F-294F-4A90-9130-25744392590B}.Debug|Any CPU.Build.0 = Debug|Any CPU
		{3E958B0F-294F-4A90-9130-25744392590B}.Release|Any CPU.ActiveCfg = Release|Any CPU
		{3E958B0F-294F-4A90-9130-25744392590B}.Release|Any CPU.Build.0 = Release|Any CPU
	EndGlobalSection
	GlobalSection(SolutionProperties) = preSolution
		HideSolutionNode = FALSE
	EndGlobalSection
	GlobalSection(ExtensibilityGlobals) = postSolution
		SolutionGuid = {17104AC7-48F1-4232-BE7A-69FC858BDDE0}
	EndGlobalSection
EndGlobal
