
Microsoft Visual Studio Solution File, Format Version 12.00
# Visual Studio Version 16
VisualStudioVersion = 16.0.30225.117
MinimumVisualStudioVersion = 10.0.40219.1
Project("{FAE04EC0-301F-11D3-BF4B-00C04F79EFBC}") = "Calculator", "Calculator\Calculator.csproj", "{93A04302-C47F-4D3C-855E-39F4764061A7}"
EndProject
Project("{FAE04EC0-301F-11D3-BF4B-00C04F79EFBC}") = "CalcRunner", "CalcRunner\CalcRunner.csproj", "{04234A1D-CED0-4663-A581-1883F6493BE2}"
EndProject
Project("{FAE04EC0-301F-11D3-BF4B-00C04F79EFBC}") = "CalculatorTest", "CalculatorTest\CalculatorTest.csproj", "{F9E33DD7-5CDC-4B24-BC96-43AAB9BC497F}"
EndProject
Project("{F2A71F9B-5D33-465A-A702-920D77279786}") = "FSharpCalculator", "FSharpCalculator\FSharpCalculator.fsproj", "{2E4D2781-2229-45ED-9088-216C67672456}"
EndProject
Global
	GlobalSection(SolutionConfigurationPlatforms) = preSolution
		Debug|Any CPU = Debug|Any CPU
		Release|Any CPU = Release|Any CPU
	EndGlobalSection
	GlobalSection(ProjectConfigurationPlatforms) = postSolution
		{93A04302-C47F-4D3C-855E-39F4764061A7}.Debug|Any CPU.ActiveCfg = Debug|Any CPU
		{93A04302-C47F-4D3C-855E-39F4764061A7}.Debug|Any CPU.Build.0 = Debug|Any CPU
		{93A04302-C47F-4D3C-855E-39F4764061A7}.Release|Any CPU.ActiveCfg = Release|Any CPU
		{93A04302-C47F-4D3C-855E-39F4764061A7}.Release|Any CPU.Build.0 = Release|Any CPU
		{04234A1D-CED0-4663-A581-1883F6493BE2}.Debug|Any CPU.ActiveCfg = Debug|Any CPU
		{04234A1D-CED0-4663-A581-1883F6493BE2}.Debug|Any CPU.Build.0 = Debug|Any CPU
		{04234A1D-CED0-4663-A581-1883F6493BE2}.Release|Any CPU.ActiveCfg = Release|Any CPU
		{04234A1D-CED0-4663-A581-1883F6493BE2}.Release|Any CPU.Build.0 = Release|Any CPU
		{F9E33DD7-5CDC-4B24-BC96-43AAB9BC497F}.Debug|Any CPU.ActiveCfg = Debug|Any CPU
		{F9E33DD7-5CDC-4B24-BC96-43AAB9BC497F}.Debug|Any CPU.Build.0 = Debug|Any CPU
		{F9E33DD7-5CDC-4B24-BC96-43AAB9BC497F}.Release|Any CPU.ActiveCfg = Release|Any CPU
		{F9E33DD7-5CDC-4B24-BC96-43AAB9BC497F}.Release|Any CPU.Build.0 = Release|Any CPU
		{2E4D2781-2229-45ED-9088-216C67672456}.Debug|Any CPU.ActiveCfg = Debug|Any CPU
		{2E4D2781-2229-45ED-9088-216C67672456}.Debug|Any CPU.Build.0 = Debug|Any CPU
		{2E4D2781-2229-45ED-9088-216C67672456}.Release|Any CPU.ActiveCfg = Release|Any CPU
		{2E4D2781-2229-45ED-9088-216C67672456}.Release|Any CPU.Build.0 = Release|Any CPU
	EndGlobalSection
	GlobalSection(SolutionProperties) = preSolution
		HideSolutionNode = FALSE
	EndGlobalSection
	GlobalSection(ExtensibilityGlobals) = postSolution
		SolutionGuid = {17104AC7-48F1-4232-BE7A-69FC858BDDE0}
	EndGlobalSection
EndGlobal
