
Microsoft Visual Studio Solution File, Format Version 12.00
# Visual Studio Version 16
VisualStudioVersion = 16.0.30225.117
MinimumVisualStudioVersion = 10.0.40219.1
Project("{FAE04EC0-301F-11D3-BF4B-00C04F79EFBC}") = "Calculator", "Calculator\Calculator.csproj", "{CCA78D27-AD44-40EB-B559-6DCC99B5CC29}"
EndProject
Project("{FAE04EC0-301F-11D3-BF4B-00C04F79EFBC}") = "CalculatorTests", "CalculatorTests\CalculatorTests\CalculatorTests.csproj", "{7189FC3A-CAA7-46FC-9E9F-238ADC4AC9AE}"
EndProject
Global
	GlobalSection(SolutionConfigurationPlatforms) = preSolution
		Debug|Any CPU = Debug|Any CPU
		Release|Any CPU = Release|Any CPU
	EndGlobalSection
	GlobalSection(ProjectConfigurationPlatforms) = postSolution
		{CCA78D27-AD44-40EB-B559-6DCC99B5CC29}.Debug|Any CPU.ActiveCfg = Debug|Any CPU
		{CCA78D27-AD44-40EB-B559-6DCC99B5CC29}.Debug|Any CPU.Build.0 = Debug|Any CPU
		{CCA78D27-AD44-40EB-B559-6DCC99B5CC29}.Release|Any CPU.ActiveCfg = Release|Any CPU
		{CCA78D27-AD44-40EB-B559-6DCC99B5CC29}.Release|Any CPU.Build.0 = Release|Any CPU
		{7189FC3A-CAA7-46FC-9E9F-238ADC4AC9AE}.Debug|Any CPU.ActiveCfg = Debug|Any CPU
		{7189FC3A-CAA7-46FC-9E9F-238ADC4AC9AE}.Debug|Any CPU.Build.0 = Debug|Any CPU
		{7189FC3A-CAA7-46FC-9E9F-238ADC4AC9AE}.Release|Any CPU.ActiveCfg = Release|Any CPU
		{7189FC3A-CAA7-46FC-9E9F-238ADC4AC9AE}.Release|Any CPU.Build.0 = Release|Any CPU
	EndGlobalSection
	GlobalSection(SolutionProperties) = preSolution
		HideSolutionNode = FALSE
	EndGlobalSection
	GlobalSection(ExtensibilityGlobals) = postSolution
		SolutionGuid = {17104AC7-48F1-4232-BE7A-69FC858BDDE0}
	EndGlobalSection
EndGlobal
